
Microsoft Visual Studio Solution File, Format Version 12.00
# Visual Studio 2013
VisualStudioVersion = 12.0.30501.0
MinimumVisualStudioVersion = 10.0.40219.1
Project("{2150E333-8FDC-42A3-9474-1A3956D46DE8}") = "api", "api", "{FB48565A-D4F2-4A84-A660-A64325569081}"
EndProject
Project("{2150E333-8FDC-42A3-9474-1A3956D46DE8}") = "head", "head", "{643ACB44-F95A-4146-A6FA-01C23C833588}"
EndProject
Project("{2150E333-8FDC-42A3-9474-1A3956D46DE8}") = "runners", "runners", "{61648060-0D3E-4AA6-9572-DAD8746E219E}"
EndProject
Project("{2150E333-8FDC-42A3-9474-1A3956D46DE8}") = "data", "data", "{2A357866-6FF5-4669-BE63-68D929008552}"
EndProject
Project("{2150E333-8FDC-42A3-9474-1A3956D46DE8}") = "tests", "tests", "{D7EFC2A5-BD2E-48DD-BC72-A67F4F84E688}"
EndProject
Project("{2150E333-8FDC-42A3-9474-1A3956D46DE8}") = ".nuget", ".nuget", "{777E3D55-1328-4D13-A649-7A28F5D947F1}"
	ProjectSection(SolutionItems) = preProject
		.nuget\NuGet.Config = .nuget\NuGet.Config
		.nuget\NuGet.exe = .nuget\NuGet.exe
		.nuget\NuGet.targets = .nuget\NuGet.targets
	EndProjectSection
EndProject
Project("{FAE04EC0-301F-11D3-BF4B-00C04F79EFBC}") = "rift.console.tests", "..\test\rift.console.tests\rift.console.tests.csproj", "{76657A8B-8D06-4E0C-980C-E0438F03571F}"
EndProject
Project("{FAE04EC0-301F-11D3-BF4B-00C04F79EFBC}") = "rift.head", "api\head\rift.head.csproj", "{E43FF221-6CA0-4F8D-B296-DBED1160A6FE}"
EndProject
Project("{FAE04EC0-301F-11D3-BF4B-00C04F79EFBC}") = "rift.runner1", "api\runners\runner1\rift.runner1.csproj", "{4232F048-F9CC-4F79-899C-8EF1917497C8}"
EndProject
Project("{2150E333-8FDC-42A3-9474-1A3956D46DE8}") = "base", "base", "{B3CE45B5-A195-47CF-819D-FD68189D8139}"
EndProject
Project("{2150E333-8FDC-42A3-9474-1A3956D46DE8}") = "parser", "parser", "{F5F01953-BF43-49F8-B10B-7BB9FFBA4D5D}"
EndProject
Project("{2150E333-8FDC-42A3-9474-1A3956D46DE8}") = "web", "web", "{E53E4302-C3FC-4E25-A613-B77A52CDB7A1}"
EndProject
Project("{2150E333-8FDC-42A3-9474-1A3956D46DE8}") = "common", "common", "{B83761AB-4CF7-4961-9939-A8A595776AC8}"
EndProject
Project("{FAE04EC0-301F-11D3-BF4B-00C04F79EFBC}") = "rift.common", "common\rift.common.csproj", "{72FA113B-492A-4D1B-99CC-56F843CF0D7F}"
EndProject
Project("{FAE04EC0-301F-11D3-BF4B-00C04F79EFBC}") = "rift.parser", "web\parser\rift.parser.csproj", "{E43878FE-42B0-42EC-9830-32BFF61F87F1}"
EndProject
Project("{FAE04EC0-301F-11D3-BF4B-00C04F79EFBC}") = "rift.runner2", "api\runners\runner2\rift.runner2.csproj", "{A9E8C168-22AB-4C9F-AEDC-738E15963318}"
EndProject
Project("{FAE04EC0-301F-11D3-BF4B-00C04F79EFBC}") = "rift.runner3", "api\runners\runner3\rift.runner3.csproj", "{82E4A9D4-A859-4B04-AE72-64417F8F8026}"
EndProject
Project("{FAE04EC0-301F-11D3-BF4B-00C04F79EFBC}") = "rift.runner", "api\runners\base\rift.runner.csproj", "{6D943645-A913-44EB-9AD7-B6245FF9DDCF}"
EndProject
Project("{2150E333-8FDC-42A3-9474-1A3956D46DE8}") = "deploy", "deploy", "{72E860A4-9028-4496-8441-A36561218CEF}"
	ProjectSection(SolutionItems) = preProject
		deploy\deploy.ps1 = deploy\deploy.ps1
		deploy\start.ps1 = deploy\start.ps1
	EndProjectSection
EndProject
Project("{FAE04EC0-301F-11D3-BF4B-00C04F79EFBC}") = "rift.data", "data\rift.data\rift.data.csproj", "{8ACA7994-B1BD-4622-B7F2-BE47FC3D59BA}"
EndProject
Global
	GlobalSection(SolutionConfigurationPlatforms) = preSolution
		Debug|Any CPU = Debug|Any CPU
		Release|Any CPU = Release|Any CPU
	EndGlobalSection
	GlobalSection(ProjectConfigurationPlatforms) = postSolution
		{76657A8B-8D06-4E0C-980C-E0438F03571F}.Debug|Any CPU.ActiveCfg = Debug|Any CPU
		{76657A8B-8D06-4E0C-980C-E0438F03571F}.Debug|Any CPU.Build.0 = Debug|Any CPU
		{76657A8B-8D06-4E0C-980C-E0438F03571F}.Release|Any CPU.ActiveCfg = Release|Any CPU
		{76657A8B-8D06-4E0C-980C-E0438F03571F}.Release|Any CPU.Build.0 = Release|Any CPU
		{E43FF221-6CA0-4F8D-B296-DBED1160A6FE}.Debug|Any CPU.ActiveCfg = Debug|Any CPU
		{E43FF221-6CA0-4F8D-B296-DBED1160A6FE}.Debug|Any CPU.Build.0 = Debug|Any CPU
		{E43FF221-6CA0-4F8D-B296-DBED1160A6FE}.Release|Any CPU.ActiveCfg = Release|Any CPU
		{E43FF221-6CA0-4F8D-B296-DBED1160A6FE}.Release|Any CPU.Build.0 = Release|Any CPU
		{4232F048-F9CC-4F79-899C-8EF1917497C8}.Debug|Any CPU.ActiveCfg = Debug|Any CPU
		{4232F048-F9CC-4F79-899C-8EF1917497C8}.Debug|Any CPU.Build.0 = Debug|Any CPU
		{4232F048-F9CC-4F79-899C-8EF1917497C8}.Release|Any CPU.ActiveCfg = Release|Any CPU
		{4232F048-F9CC-4F79-899C-8EF1917497C8}.Release|Any CPU.Build.0 = Release|Any CPU
		{72FA113B-492A-4D1B-99CC-56F843CF0D7F}.Debug|Any CPU.ActiveCfg = Debug|Any CPU
		{72FA113B-492A-4D1B-99CC-56F843CF0D7F}.Debug|Any CPU.Build.0 = Debug|Any CPU
		{72FA113B-492A-4D1B-99CC-56F843CF0D7F}.Release|Any CPU.ActiveCfg = Release|Any CPU
		{72FA113B-492A-4D1B-99CC-56F843CF0D7F}.Release|Any CPU.Build.0 = Release|Any CPU
		{E43878FE-42B0-42EC-9830-32BFF61F87F1}.Debug|Any CPU.ActiveCfg = Debug|Any CPU
		{E43878FE-42B0-42EC-9830-32BFF61F87F1}.Debug|Any CPU.Build.0 = Debug|Any CPU
		{E43878FE-42B0-42EC-9830-32BFF61F87F1}.Release|Any CPU.ActiveCfg = Release|Any CPU
		{E43878FE-42B0-42EC-9830-32BFF61F87F1}.Release|Any CPU.Build.0 = Release|Any CPU
		{A9E8C168-22AB-4C9F-AEDC-738E15963318}.Debug|Any CPU.ActiveCfg = Debug|Any CPU
		{A9E8C168-22AB-4C9F-AEDC-738E15963318}.Debug|Any CPU.Build.0 = Debug|Any CPU
		{A9E8C168-22AB-4C9F-AEDC-738E15963318}.Release|Any CPU.ActiveCfg = Release|Any CPU
		{A9E8C168-22AB-4C9F-AEDC-738E15963318}.Release|Any CPU.Build.0 = Release|Any CPU
		{82E4A9D4-A859-4B04-AE72-64417F8F8026}.Debug|Any CPU.ActiveCfg = Debug|Any CPU
		{82E4A9D4-A859-4B04-AE72-64417F8F8026}.Debug|Any CPU.Build.0 = Debug|Any CPU
		{82E4A9D4-A859-4B04-AE72-64417F8F8026}.Release|Any CPU.ActiveCfg = Release|Any CPU
		{82E4A9D4-A859-4B04-AE72-64417F8F8026}.Release|Any CPU.Build.0 = Release|Any CPU
		{6D943645-A913-44EB-9AD7-B6245FF9DDCF}.Debug|Any CPU.ActiveCfg = Debug|Any CPU
		{6D943645-A913-44EB-9AD7-B6245FF9DDCF}.Debug|Any CPU.Build.0 = Debug|Any CPU
		{6D943645-A913-44EB-9AD7-B6245FF9DDCF}.Release|Any CPU.ActiveCfg = Release|Any CPU
		{6D943645-A913-44EB-9AD7-B6245FF9DDCF}.Release|Any CPU.Build.0 = Release|Any CPU
		{8ACA7994-B1BD-4622-B7F2-BE47FC3D59BA}.Debug|Any CPU.ActiveCfg = Debug|Any CPU
		{8ACA7994-B1BD-4622-B7F2-BE47FC3D59BA}.Debug|Any CPU.Build.0 = Debug|Any CPU
		{8ACA7994-B1BD-4622-B7F2-BE47FC3D59BA}.Release|Any CPU.ActiveCfg = Release|Any CPU
		{8ACA7994-B1BD-4622-B7F2-BE47FC3D59BA}.Release|Any CPU.Build.0 = Release|Any CPU
	EndGlobalSection
	GlobalSection(SolutionProperties) = preSolution
		HideSolutionNode = FALSE
	EndGlobalSection
	GlobalSection(NestedProjects) = preSolution
		{643ACB44-F95A-4146-A6FA-01C23C833588} = {FB48565A-D4F2-4A84-A660-A64325569081}
		{61648060-0D3E-4AA6-9572-DAD8746E219E} = {FB48565A-D4F2-4A84-A660-A64325569081}
		{76657A8B-8D06-4E0C-980C-E0438F03571F} = {D7EFC2A5-BD2E-48DD-BC72-A67F4F84E688}
		{E43FF221-6CA0-4F8D-B296-DBED1160A6FE} = {643ACB44-F95A-4146-A6FA-01C23C833588}
		{4232F048-F9CC-4F79-899C-8EF1917497C8} = {61648060-0D3E-4AA6-9572-DAD8746E219E}
		{B3CE45B5-A195-47CF-819D-FD68189D8139} = {61648060-0D3E-4AA6-9572-DAD8746E219E}
		{F5F01953-BF43-49F8-B10B-7BB9FFBA4D5D} = {E53E4302-C3FC-4E25-A613-B77A52CDB7A1}
		{72FA113B-492A-4D1B-99CC-56F843CF0D7F} = {B83761AB-4CF7-4961-9939-A8A595776AC8}
		{E43878FE-42B0-42EC-9830-32BFF61F87F1} = {F5F01953-BF43-49F8-B10B-7BB9FFBA4D5D}
		{A9E8C168-22AB-4C9F-AEDC-738E15963318} = {61648060-0D3E-4AA6-9572-DAD8746E219E}
		{82E4A9D4-A859-4B04-AE72-64417F8F8026} = {61648060-0D3E-4AA6-9572-DAD8746E219E}
		{6D943645-A913-44EB-9AD7-B6245FF9DDCF} = {B3CE45B5-A195-47CF-819D-FD68189D8139}
		{8ACA7994-B1BD-4622-B7F2-BE47FC3D59BA} = {2A357866-6FF5-4669-BE63-68D929008552}
	EndGlobalSection
EndGlobal
